
Microsoft Visual Studio Solution File, Format Version 12.00
# Visual Studio Version 17
VisualStudioVersion = 17.5.33424.131
MinimumVisualStudioVersion = 10.0.40219.1
Project("{FAE04EC0-301F-11D3-BF4B-00C04F79EFBC}") = "2DAE15_HovhannesHakobyan_Exam", "2DAE15_HovhannesHakobyan_Exam.csproj", "{98572138-DBD2-4527-90B0-E19E47671166}"
EndProject
Global
	GlobalSection(SolutionConfigurationPlatforms) = preSolution
		Debug|Any CPU = Debug|Any CPU
		Release|Any CPU = Release|Any CPU
	EndGlobalSection
	GlobalSection(ProjectConfigurationPlatforms) = postSolution
		{98572138-DBD2-4527-90B0-E19E47671166}.Debug|Any CPU.ActiveCfg = Debug|Any CPU
		{98572138-DBD2-4527-90B0-E19E47671166}.Debug|Any CPU.Build.0 = Debug|Any CPU
		{98572138-DBD2-4527-90B0-E19E47671166}.Release|Any CPU.ActiveCfg = Release|Any CPU
		{98572138-DBD2-4527-90B0-E19E47671166}.Release|Any CPU.Build.0 = Release|Any CPU
	EndGlobalSection
	GlobalSection(SolutionProperties) = preSolution
		HideSolutionNode = FALSE
	EndGlobalSection
	GlobalSection(ExtensibilityGlobals) = postSolution
		SolutionGuid = {02A58E86-A858-458F-8723-0086BDA8096F}
	EndGlobalSection
EndGlobal
